<?xml version="1.0" encoding="utf-8"?>
<Project ToolsVersion="4.0" xmlns="http://schemas.microsoft.com/developer/msbuild/2003">
  <ItemGroup>
    <Filter Include="Исходные файлы">
      <UniqueIdentifier>{4FC737F1-C7A5-4376-A066-2A32D752A2FF}</UniqueIdentifier>
      <Extensions>cpp;c;cc;cxx;c++;def;odl;idl;hpj;bat;asm;asmx</Extensions>
    </Filter>
    <Filter Include="Файлы заголовков">
      <UniqueIdentifier>{93995380-89BD-4b04-88EB-625FBE52EBFB}</UniqueIdentifier>
      <Extensions>h;hh;hpp;hxx;h++;hm;inl;inc;ipp;xsd</Extensions>
    </Filter>
    <Filter Include="Файлы ресурсов">
      <UniqueIdentifier>{67DA6AB6-F800-4c08-8B7A-83BB121AAD01}</UniqueIdentifier>
      <Extensions>rc;ico;cur;bmp;dlg;rc2;rct;bin;rgs;gif;jpg;jpeg;jpe;resx;tiff;tif;png;wav;mfcribbon-ms</Extensions>
    </Filter>
    <Filter Include="lib">
      <UniqueIdentifier>{8857e78a-fa77-481a-b60c-4b2352b03ebf}</UniqueIdentifier>
    </Filter>
  </ItemGroup>
  <ItemGroup>
    <ClCompile Include="protoc-c\c_bytes_field.cc">
      <Filter>Исходные файлы</Filter>
    </ClCompile>
    <ClCompile Include="protoc-c\c_enum.cc">
      <Filter>Исходные файлы</Filter>
    </ClCompile>
    <ClCompile Include="protoc-c\c_enum_field.cc">
      <Filter>Исходные файлы</Filter>
    </ClCompile>
    <ClCompile Include="protoc-c\c_extension.cc">
      <Filter>Исходные файлы</Filter>
    </ClCompile>
    <ClCompile Include="protoc-c\c_field.cc">
      <Filter>Исходные файлы</Filter>
    </ClCompile>
    <ClCompile Include="protoc-c\c_file.cc">
      <Filter>Исходные файлы</Filter>
    </ClCompile>
    <ClCompile Include="protoc-c\c_generator.cc">
      <Filter>Исходные файлы</Filter>
    </ClCompile>
    <ClCompile Include="protoc-c\c_helpers.cc">
      <Filter>Исходные файлы</Filter>
    </ClCompile>
    <ClCompile Include="protoc-c\c_message.cc">
      <Filter>Исходные файлы</Filter>
    </ClCompile>
    <ClCompile Include="protoc-c\c_message_field.cc">
      <Filter>Исходные файлы</Filter>
    </ClCompile>
    <ClCompile Include="protoc-c\c_primitive_field.cc">
      <Filter>Исходные файлы</Filter>
    </ClCompile>
    <ClCompile Include="protoc-c\c_service.cc">
      <Filter>Исходные файлы</Filter>
    </ClCompile>
    <ClCompile Include="protoc-c\c_string_field.cc">
      <Filter>Исходные файлы</Filter>
    </ClCompile>
    <ClCompile Include="protoc-c\main.cc">
      <Filter>Исходные файлы</Filter>
    </ClCompile>
    <ClCompile Include="protobuf-c\protobuf-c.c">
      <Filter>Исходные файлы</Filter>
    </ClCompile>
  </ItemGroup>
  <ItemGroup>
    <ClInclude Include="protoc-c\c_bytes_field.h">
      <Filter>Файлы заголовков</Filter>
    </ClInclude>
    <ClInclude Include="protoc-c\c_enum.h">
      <Filter>Файлы заголовков</Filter>
    </ClInclude>
    <ClInclude Include="protoc-c\c_enum_field.h">
      <Filter>Файлы заголовков</Filter>
    </ClInclude>
    <ClInclude Include="protoc-c\c_extension.h">
      <Filter>Файлы заголовков</Filter>
    </ClInclude>
    <ClInclude Include="protoc-c\c_field.h">
      <Filter>Файлы заголовков</Filter>
    </ClInclude>
    <ClInclude Include="protoc-c\c_file.h">
      <Filter>Файлы заголовков</Filter>
    </ClInclude>
    <ClInclude Include="protoc-c\c_generator.h">
      <Filter>Файлы заголовков</Filter>
    </ClInclude>
    <ClInclude Include="protoc-c\c_helpers.h">
      <Filter>Файлы заголовков</Filter>
    </ClInclude>
    <ClInclude Include="protoc-c\c_message.h">
      <Filter>Файлы заголовков</Filter>
    </ClInclude>
    <ClInclude Include="protoc-c\c_message_field.h">
      <Filter>Файлы заголовков</Filter>
    </ClInclude>
    <ClInclude Include="protoc-c\c_primitive_field.h">
      <Filter>Файлы заголовков</Filter>
    </ClInclude>
    <ClInclude Include="protoc-c\c_service.h">
      <Filter>Файлы заголовков</Filter>
    </ClInclude>
    <ClInclude Include="protoc-c\c_string_field.h">
      <Filter>Файлы заголовков</Filter>
    </ClInclude>
    <ClInclude Include="protobuf-c\protobuf-c.h">
      <Filter>Файлы заголовков</Filter>
    </ClInclude>
  </ItemGroup>
  <ItemGroup>
    <None Include="protobuf-c\libprotobuf-c.pc.in" />
    <None Include="protobuf-c\libprotobuf-c.sym" />
    <None Include="lib\pkgconfig\protobuf.pc">
      <Filter>lib</Filter>
    </None>
  </ItemGroup>
  <ItemGroup>
    <Library Include="lib\libprotobuf.lib">
      <Filter>lib</Filter>
    </Library>
    <Library Include="lib\libprotobuf-lite.lib">
      <Filter>lib</Filter>
    </Library>
    <Library Include="lib\libprotoc.lib">
      <Filter>lib</Filter>
    </Library>
  </ItemGroup>
</Project>